
Microsoft Visual Studio Solution File, Format Version 12.00
# Visual Studio 15
VisualStudioVersion = 15.0.27428.2011
MinimumVisualStudioVersion = 10.0.40219.1
Project("{FAE04EC0-301F-11D3-BF4B-00C04F79EFBC}") = "Lab 3 BMI Calculator", "Lab 3 BMI Calculator\Lab 3 BMI Calculator.csproj", "{6499AA6D-19CE-444F-AFD2-CB0CE0E81981}"
EndProject
Global
	GlobalSection(SolutionConfigurationPlatforms) = preSolution
		Debug|Any CPU = Debug|Any CPU
		Release|Any CPU = Release|Any CPU
	EndGlobalSection
	GlobalSection(ProjectConfigurationPlatforms) = postSolution
		{6499AA6D-19CE-444F-AFD2-CB0CE0E81981}.Debug|Any CPU.ActiveCfg = Debug|Any CPU
		{6499AA6D-19CE-444F-AFD2-CB0CE0E81981}.Debug|Any CPU.Build.0 = Debug|Any CPU
		{6499AA6D-19CE-444F-AFD2-CB0CE0E81981}.Release|Any CPU.ActiveCfg = Release|Any CPU
		{6499AA6D-19CE-444F-AFD2-CB0CE0E81981}.Release|Any CPU.Build.0 = Release|Any CPU
	EndGlobalSection
	GlobalSection(SolutionProperties) = preSolution
		HideSolutionNode = FALSE
	EndGlobalSection
	GlobalSection(ExtensibilityGlobals) = postSolution
		SolutionGuid = {7A3D49D4-34CB-49EF-9454-9475B1C8A39C}
	EndGlobalSection
EndGlobal
